// !$*UTF8*$!
{
	archiveVersion = 1;
	classes = {
	};
	objectVersion = 46;
	objects = {

/* Begin PBXBuildFile section */
		9C9EC5AD1A41189300785B92 /* main.m in Sources */ = {isa = PBXBuildFile; fileRef = 9C9EC5AC1A41189300785B92 /* main.m */; };
		9C9EC5B01A41189300785B92 /* AppDelegate.m in Sources */ = {isa = PBXBuildFile; fileRef = 9C9EC5AF1A41189300785B92 /* AppDelegate.m */; };
		9C9EC5B31A41189300785B92 /* ViewController.m in Sources */ = {isa = PBXBuildFile; fileRef = 9C9EC5B21A41189300785B92 /* ViewController.m */; };
		9C9EC5B61A41189300785B92 /* Main.storyboard in Resources */ = {isa = PBXBuildFile; fileRef = 9C9EC5B41A41189300785B92 /* Main.storyboard */; };
		9C9EC5B81A41189300785B92 /* Images.xcassets in Resources */ = {isa = PBXBuildFile; fileRef = 9C9EC5B71A41189300785B92 /* Images.xcassets */; };
		9C9EC5BB1A41189300785B92 /* LaunchScreen.xib in Resources */ = {isa = PBXBuildFile; fileRef = 9C9EC5B91A41189300785B92 /* LaunchScreen.xib */; };
		9C9EC5C71A41189300785B92 /* HypnoNerdTests.m in Sources */ = {isa = PBXBuildFile; fileRef = 9C9EC5C61A41189300785B92 /* HypnoNerdTests.m */; };
		9C9EC5D21A411A4900785B92 /* HypnosisView.m in Sources */ = {isa = PBXBuildFile; fileRef = 9C9EC5D11A411A4900785B92 /* HypnosisView.m */; };
		9C9EC5D51A411B1500785B92 /* HypnosisViewController.m in Sources */ = {isa = PBXBuildFile; fileRef = 9C9EC5D41A411B1500785B92 /* HypnosisViewController.m */; };
/* End PBXBuildFile section */

/* Begin PBXContainerItemProxy section */
		9C9EC5C11A41189300785B92 /* PBXContainerItemProxy */ = {
			isa = PBXContainerItemProxy;
			containerPortal = 9C9EC59F1A41189300785B92 /* Project object */;
			proxyType = 1;
			remoteGlobalIDString = 9C9EC5A61A41189300785B92;
			remoteInfo = HypnoNerd;
		};
/* End PBXContainerItemProxy section */

/* Begin PBXFileReference section */
		9C9EC5A71A41189300785B92 /* HypnoNerd.app */ = {isa = PBXFileReference; explicitFileType = wrapper.application; includeInIndex = 0; path = HypnoNerd.app; sourceTree = BUILT_PRODUCTS_DIR; };
		9C9EC5AB1A41189300785B92 /* Info.plist */ = {isa = PBXFileReference; lastKnownFileType = text.plist.xml; path = Info.plist; sourceTree = "<group>"; };
		9C9EC5AC1A41189300785B92 /* main.m */ = {isa = PBXFileReference; lastKnownFileType = sourcecode.c.objc; path = main.m; sourceTree = "<group>"; };
		9C9EC5AE1A41189300785B92 /* AppDelegate.h */ = {isa = PBXFileReference; lastKnownFileType = sourcecode.c.h; path = AppDelegate.h; sourceTree = "<group>"; };
		9C9EC5AF1A41189300785B92 /* AppDelegate.m */ = {isa = PBXFileReference; lastKnownFileType = sourcecode.c.objc; path = AppDelegate.m; sourceTree = "<group>"; };
		9C9EC5B11A41189300785B92 /* ViewController.h */ = {isa = PBXFileReference; lastKnownFileType = sourcecode.c.h; path = ViewController.h; sourceTree = "<group>"; };
		9C9EC5B21A41189300785B92 /* ViewController.m */ = {isa = PBXFileReference; lastKnownFileType = sourcecode.c.objc; path = ViewController.m; sourceTree = "<group>"; };
		9C9EC5B51A41189300785B92 /* Base */ = {isa = PBXFileReference; lastKnownFileType = file.storyboard; name = Base; path = Base.lproj/Main.storyboard; sourceTree = "<group>"; };
		9C9EC5B71A41189300785B92 /* Images.xcassets */ = {isa = PBXFileReference; lastKnownFileType = folder.assetcatalog; path = Images.xcassets; sourceTree = "<group>"; };
		9C9EC5BA1A41189300785B92 /* Base */ = {isa = PBXFileReference; lastKnownFileType = file.xib; name = Base; path = Base.lproj/LaunchScreen.xib; sourceTree = "<group>"; };
		9C9EC5C01A41189300785B92 /* HypnoNerdTests.xctest */ = {isa = PBXFileReference; explicitFileType = wrapper.cfbundle; includeInIndex = 0; path = HypnoNerdTests.xctest; sourceTree = BUILT_PRODUCTS_DIR; };
		9C9EC5C51A41189300785B92 /* Info.plist */ = {isa = PBXFileReference; lastKnownFileType = text.plist.xml; path = Info.plist; sourceTree = "<group>"; };
		9C9EC5C61A41189300785B92 /* HypnoNerdTests.m */ = {isa = PBXFileReference; lastKnownFileType = sourcecode.c.objc; path = HypnoNerdTests.m; sourceTree = "<group>"; };
		9C9EC5D01A411A4900785B92 /* HypnosisView.h */ = {isa = PBXFileReference; fileEncoding = 4; lastKnownFileType = sourcecode.c.h; path = HypnosisView.h; sourceTree = "<group>"; };
		9C9EC5D11A411A4900785B92 /* HypnosisView.m */ = {isa = PBXFileReference; fileEncoding = 4; lastKnownFileType = sourcecode.c.objc; path = HypnosisView.m; sourceTree = "<group>"; };
		9C9EC5D31A411B1500785B92 /* HypnosisViewController.h */ = {isa = PBXFileReference; fileEncoding = 4; lastKnownFileType = sourcecode.c.h; path = HypnosisViewController.h; sourceTree = "<group>"; };
		9C9EC5D41A411B1500785B92 /* HypnosisViewController.m */ = {isa = PBXFileReference; fileEncoding = 4; lastKnownFileType = sourcecode.c.objc; path = HypnosisViewController.m; sourceTree = "<group>"; };
/* End PBXFileReference section */

/* Begin PBXFrameworksBuildPhase section */
		9C9EC5A41A41189300785B92 /* Frameworks */ = {
			isa = PBXFrameworksBuildPhase;
			buildActionMask = 2147483647;
			files = (
			);
			runOnlyForDeploymentPostprocessing = 0;
		};
		9C9EC5BD1A41189300785B92 /* Frameworks */ = {
			isa = PBXFrameworksBuildPhase;
			buildActionMask = 2147483647;
			files = (
			);
			runOnlyForDeploymentPostprocessing = 0;
		};
/* End PBXFrameworksBuildPhase section */

/* Begin PBXGroup section */
		9C9EC59E1A41189300785B92 = {
			isa = PBXGroup;
			children = (
				9C9EC5A91A41189300785B92 /* HypnoNerd */,
				9C9EC5C31A41189300785B92 /* HypnoNerdTests */,
				9C9EC5A81A41189300785B92 /* Products */,
			);
			sourceTree = "<group>";
		};
		9C9EC5A81A41189300785B92 /* Products */ = {
			isa = PBXGroup;
			children = (
				9C9EC5A71A41189300785B92 /* HypnoNerd.app */,
				9C9EC5C01A41189300785B92 /* HypnoNerdTests.xctest */,
			);
			name = Products;
			sourceTree = "<group>";
		};
		9C9EC5A91A41189300785B92 /* HypnoNerd */ = {
			isa = PBXGroup;
			children = (
				9C9EC5AE1A41189300785B92 /* AppDelegate.h */,
				9C9EC5AF1A41189300785B92 /* AppDelegate.m */,
				9C9EC5D01A411A4900785B92 /* HypnosisView.h */,
				9C9EC5D11A411A4900785B92 /* HypnosisView.m */,
				9C9EC5D31A411B1500785B92 /* HypnosisViewController.h */,
				9C9EC5D41A411B1500785B92 /* HypnosisViewController.m */,
				9C9EC5B71A41189300785B92 /* Images.xcassets */,
				9C9EC5B91A41189300785B92 /* LaunchScreen.xib */,
				9C9EC5B41A41189300785B92 /* Main.storyboard */,
				9C9EC5AA1A41189300785B92 /* Supporting Files */,
				9C9EC5B11A41189300785B92 /* ViewController.h */,
				9C9EC5B21A41189300785B92 /* ViewController.m */,
			);
			path = HypnoNerd;
			sourceTree = "<group>";
		};
		9C9EC5AA1A41189300785B92 /* Supporting Files */ = {
			isa = PBXGroup;
			children = (
				9C9EC5AB1A41189300785B92 /* Info.plist */,
				9C9EC5AC1A41189300785B92 /* main.m */,
			);
			name = "Supporting Files";
			sourceTree = "<group>";
		};
		9C9EC5C31A41189300785B92 /* HypnoNerdTests */ = {
			isa = PBXGroup;
			children = (
				9C9EC5C61A41189300785B92 /* HypnoNerdTests.m */,
				9C9EC5C41A41189300785B92 /* Supporting Files */,
			);
			path = HypnoNerdTests;
			sourceTree = "<group>";
		};
		9C9EC5C41A41189300785B92 /* Supporting Files */ = {
			isa = PBXGroup;
			children = (
				9C9EC5C51A41189300785B92 /* Info.plist */,
			);
			name = "Supporting Files";
			sourceTree = "<group>";
		};
/* End PBXGroup section */

/* Begin PBXNativeTarget section */
		9C9EC5A61A41189300785B92 /* HypnoNerd */ = {
			isa = PBXNativeTarget;
			buildConfigurationList = 9C9EC5CA1A41189300785B92 /* Build configuration list for PBXNativeTarget "HypnoNerd" */;
			buildPhases = (
				9C9EC5A31A41189300785B92 /* Sources */,
				9C9EC5A41A41189300785B92 /* Frameworks */,
				9C9EC5A51A41189300785B92 /* Resources */,
			);
			buildRules = (
			);
			dependencies = (
			);
			name = HypnoNerd;
			productName = HypnoNerd;
			productReference = 9C9EC5A71A41189300785B92 /* HypnoNerd.app */;
			productType = "com.apple.product-type.application";
		};
		9C9EC5BF1A41189300785B92 /* HypnoNerdTests */ = {
			isa = PBXNativeTarget;
			buildConfigurationList = 9C9EC5CD1A41189300785B92 /* Build configuration list for PBXNativeTarget "HypnoNerdTests" */;
			buildPhases = (
				9C9EC5BC1A41189300785B92 /* Sources */,
				9C9EC5BD1A41189300785B92 /* Frameworks */,
				9C9EC5BE1A41189300785B92 /* Resources */,
			);
			buildRules = (
			);
			dependencies = (
				9C9EC5C21A41189300785B92 /* PBXTargetDependency */,
			);
			name = HypnoNerdTests;
			productName = HypnoNerdTests;
			productReference = 9C9EC5C01A41189300785B92 /* HypnoNerdTests.xctest */;
			productType = "com.apple.product-type.bundle.unit-test";
		};
/* End PBXNativeTarget section */

/* Begin PBXProject section */
		9C9EC59F1A41189300785B92 /* Project object */ = {
			isa = PBXProject;
			attributes = {
				LastUpgradeCheck = 0610;
				ORGANIZATIONNAME = "Ricky Pattillo";
				TargetAttributes = {
					9C9EC5A61A41189300785B92 = {
						CreatedOnToolsVersion = 6.1.1;
					};
					9C9EC5BF1A41189300785B92 = {
						CreatedOnToolsVersion = 6.1.1;
						TestTargetID = 9C9EC5A61A41189300785B92;
					};
				};
			};
			buildConfigurationList = 9C9EC5A21A41189300785B92 /* Build configuration list for PBXProject "HypnoNerd" */;
			compatibilityVersion = "Xcode 3.2";
			developmentRegion = English;
			hasScannedForEncodings = 0;
			knownRegions = (
				en,
				Base,
			);
			mainGroup = 9C9EC59E1A41189300785B92;
			productRefGroup = 9C9EC5A81A41189300785B92 /* Products */;
			projectDirPath = "";
			projectRoot = "";
			targets = (
				9C9EC5A61A41189300785B92 /* HypnoNerd */,
				9C9EC5BF1A41189300785B92 /* HypnoNerdTests */,
			);
		};
/* End PBXProject section */

/* Begin PBXResourcesBuildPhase section */
		9C9EC5A51A41189300785B92 /* Resources */ = {
			isa = PBXResourcesBuildPhase;
			buildActionMask = 2147483647;
			files = (
				9C9EC5B61A41189300785B92 /* Main.storyboard in Resources */,
				9C9EC5BB1A41189300785B92 /* LaunchScreen.xib in Resources */,
				9C9EC5B81A41189300785B92 /* Images.xcassets in Resources */,
			);
			runOnlyForDeploymentPostprocessing = 0;
		};
		9C9EC5BE1A41189300785B92 /* Resources */ = {
			isa = PBXResourcesBuildPhase;
			buildActionMask = 2147483647;
			files = (
			);
			runOnlyForDeploymentPostprocessing = 0;
		};
/* End PBXResourcesBuildPhase section */

/* Begin PBXSourcesBuildPhase section */
		9C9EC5A31A41189300785B92 /* Sources */ = {
			isa = PBXSourcesBuildPhase;
			buildActionMask = 2147483647;
			files = (
				9C9EC5B31A41189300785B92 /* ViewController.m in Sources */,
				9C9EC5D21A411A4900785B92 /* HypnosisView.m in Sources */,
				9C9EC5B01A41189300785B92 /* AppDelegate.m in Sources */,
				9C9EC5AD1A41189300785B92 /* main.m in Sources */,
				9C9EC5D51A411B1500785B92 /* HypnosisViewController.m in Sources */,
			);
			runOnlyForDeploymentPostprocessing = 0;
		};
		9C9EC5BC1A41189300785B92 /* Sources */ = {
			isa = PBXSourcesBuildPhase;
			buildActionMask = 2147483647;
			files = (
				9C9EC5C71A41189300785B92 /* HypnoNerdTests.m in Sources */,
			);
			runOnlyForDeploymentPostprocessing = 0;
		};
/* End PBXSourcesBuildPhase section */

/* Begin PBXTargetDependency section */
		9C9EC5C21A41189300785B92 /* PBXTargetDependency */ = {
			isa = PBXTargetDependency;
			target = 9C9EC5A61A41189300785B92 /* HypnoNerd */;
			targetProxy = 9C9EC5C11A41189300785B92 /* PBXContainerItemProxy */;
		};
/* End PBXTargetDependency section */

/* Begin PBXVariantGroup section */
		9C9EC5B41A41189300785B92 /* Main.storyboard */ = {
			isa = PBXVariantGroup;
			children = (
				9C9EC5B51A41189300785B92 /* Base */,
			);
			name = Main.storyboard;
			sourceTree = "<group>";
		};
		9C9EC5B91A41189300785B92 /* LaunchScreen.xib */ = {
			isa = PBXVariantGroup;
			children = (
				9C9EC5BA1A41189300785B92 /* Base */,
			);
			name = LaunchScreen.xib;
			sourceTree = "<group>";
		};
/* End PBXVariantGroup section */

/* Begin XCBuildConfiguration section */
		9C9EC5C81A41189300785B92 /* Debug */ = {
			isa = XCBuildConfiguration;
			buildSettings = {
				ALWAYS_SEARCH_USER_PATHS = NO;
				CLANG_CXX_LANGUAGE_STANDARD = "gnu++0x";
				CLANG_CXX_LIBRARY = "libc++";
				CLANG_ENABLE_MODULES = YES;
				CLANG_ENABLE_OBJC_ARC = YES;
				CLANG_WARN_BOOL_CONVERSION = YES;
				CLANG_WARN_CONSTANT_CONVERSION = YES;
				CLANG_WARN_DIRECT_OBJC_ISA_USAGE = YES_ERROR;
				CLANG_WARN_EMPTY_BODY = YES;
				CLANG_WARN_ENUM_CONVERSION = YES;
				CLANG_WARN_INT_CONVERSION = YES;
				CLANG_WARN_OBJC_ROOT_CLASS = YES_ERROR;
				CLANG_WARN_UNREACHABLE_CODE = YES;
				CLANG_WARN__DUPLICATE_METHOD_MATCH = YES;
				"CODE_SIGN_IDENTITY[sdk=iphoneos*]" = "iPhone Developer";
				COPY_PHASE_STRIP = NO;
				ENABLE_STRICT_OBJC_MSGSEND = YES;
				GCC_C_LANGUAGE_STANDARD = gnu99;
				GCC_DYNAMIC_NO_PIC = NO;
				GCC_OPTIMIZATION_LEVEL = 0;
				GCC_PREPROCESSOR_DEFINITIONS = (
					"DEBUG=1",
					"$(inherited)",
				);
				GCC_SYMBOLS_PRIVATE_EXTERN = NO;
				GCC_WARN_64_TO_32_BIT_CONVERSION = YES;
				GCC_WARN_ABOUT_RETURN_TYPE = YES_ERROR;
				GCC_WARN_UNDECLARED_SELECTOR = YES;
				GCC_WARN_UNINITIALIZED_AUTOS = YES_AGGRESSIVE;
				GCC_WARN_UNUSED_FUNCTION = YES;
				GCC_WARN_UNUSED_VARIABLE = YES;
				IPHONEOS_DEPLOYMENT_TARGET = 8.1;
				MTL_ENABLE_DEBUG_INFO = YES;
				ONLY_ACTIVE_ARCH = YES;
				SDKROOT = iphoneos;
			};
			name = Debug;
		};
		9C9EC5C91A41189300785B92 /* Release */ = {
			isa = XCBuildConfiguration;
			buildSettings = {
				ALWAYS_SEARCH_USER_PATHS = NO;
				CLANG_CXX_LANGUAGE_STANDARD = "gnu++0x";
				CLANG_CXX_LIBRARY = "libc++";
				CLANG_ENABLE_MODULES = YES;
				CLANG_ENABLE_OBJC_ARC = YES;
				CLANG_WARN_BOOL_CONVERSION = YES;
				CLANG_WARN_CONSTANT_CONVERSION = YES;
				CLANG_WARN_DIRECT_OBJC_ISA_USAGE = YES_ERROR;
				CLANG_WARN_EMPTY_BODY = YES;
				CLANG_WARN_ENUM_CONVERSION = YES;
				CLANG_WARN_INT_CONVERSION = YES;
				CLANG_WARN_OBJC_ROOT_CLASS = YES_ERROR;
				CLANG_WARN_UNREACHABLE_CODE = YES;
				CLANG_WARN__DUPLICATE_METHOD_MATCH = YES;
				"CODE_SIGN_IDENTITY[sdk=iphoneos*]" = "iPhone Developer";
				COPY_PHASE_STRIP = YES;
				ENABLE_NS_ASSERTIONS = NO;
				ENABLE_STRICT_OBJC_MSGSEND = YES;
				GCC_C_LANGUAGE_STANDARD = gnu99;
				GCC_WARN_64_TO_32_BIT_CONVERSION = YES;
				GCC_WARN_ABOUT_RETURN_TYPE = YES_ERROR;
				GCC_WARN_UNDECLARED_SELECTOR = YES;
				GCC_WARN_UNINITIALIZED_AUTOS = YES_AGGRESSIVE;
				GCC_WARN_UNUSED_FUNCTION = YES;
				GCC_WARN_UNUSED_VARIABLE = YES;
				IPHONEOS_DEPLOYMENT_TARGET = 8.1;
				MTL_ENABLE_DEBUG_INFO = NO;
				SDKROOT = iphoneos;
				VALIDATE_PRODUCT = YES;
			};
			name = Release;
		};
		9C9EC5CB1A41189300785B92 /* Debug */ = {
			isa = XCBuildConfiguration;
			buildSettings = {
				ASSETCATALOG_COMPILER_APPICON_NAME = AppIcon;
				INFOPLIST_FILE = HypnoNerd/Info.plist;
				LD_RUNPATH_SEARCH_PATHS = "$(inherited) @executable_path/Frameworks";
				PRODUCT_NAME = "$(TARGET_NAME)";
			};
			name = Debug;
		};
		9C9EC5CC1A41189300785B92 /* Release */ = {
			isa = XCBuildConfiguration;
			buildSettings = {
				ASSETCATALOG_COMPILER_APPICON_NAME = AppIcon;
				INFOPLIST_FILE = HypnoNerd/Info.plist;
				LD_RUNPATH_SEARCH_PATHS = "$(inherited) @executable_path/Frameworks";
				PRODUCT_NAME = "$(TARGET_NAME)";
			};
			name = Release;
		};
		9C9EC5CE1A41189300785B92 /* Debug */ = {
			isa = XCBuildConfiguration;
			buildSettings = {
				BUNDLE_LOADER = "$(TEST_HOST)";
				FRAMEWORK_SEARCH_PATHS = (
					"$(SDKROOT)/Developer/Library/Frameworks",
					"$(inherited)",
				);
				GCC_PREPROCESSOR_DEFINITIONS = (
					"DEBUG=1",
					"$(inherited)",
				);
				INFOPLIST_FILE = HypnoNerdTests/Info.plist;
				LD_RUNPATH_SEARCH_PATHS = "$(inherited) @executable_path/Frameworks @loader_path/Frameworks";
				PRODUCT_NAME = "$(TARGET_NAME)";
				TEST_HOST = "$(BUILT_PRODUCTS_DIR)/HypnoNerd.app/HypnoNerd";
			};
			name = Debug;
		};
		9C9EC5CF1A41189300785B92 /* Release */ = {
			isa = XCBuildConfiguration;
			buildSettings = {
				BUNDLE_LOADER = "$(TEST_HOST)";
				FRAMEWORK_SEARCH_PATHS = (
					"$(SDKROOT)/Developer/Library/Frameworks",
					"$(inherited)",
				);
				INFOPLIST_FILE = HypnoNerdTests/Info.plist;
				LD_RUNPATH_SEARCH_PATHS = "$(inherited) @executable_path/Frameworks @loader_path/Frameworks";
				PRODUCT_NAME = "$(TARGET_NAME)";
				TEST_HOST = "$(BUILT_PRODUCTS_DIR)/HypnoNerd.app/HypnoNerd";
			};
			name = Release;
		};
/* End XCBuildConfiguration section */

/* Begin XCConfigurationList section */
		9C9EC5A21A41189300785B92 /* Build configuration list for PBXProject "HypnoNerd" */ = {
			isa = XCConfigurationList;
			buildConfigurations = (
				9C9EC5C81A41189300785B92 /* Debug */,
				9C9EC5C91A41189300785B92 /* Release */,
			);
			defaultConfigurationIsVisible = 0;
			defaultConfigurationName = Release;
		};
		9C9EC5CA1A41189300785B92 /* Build configuration list for PBXNativeTarget "HypnoNerd" */ = {
			isa = XCConfigurationList;
			buildConfigurations = (
				9C9EC5CB1A41189300785B92 /* Debug */,
				9C9EC5CC1A41189300785B92 /* Release */,
			);
			defaultConfigurationIsVisible = 0;
		};
		9C9EC5CD1A41189300785B92 /* Build configuration list for PBXNativeTarget "HypnoNerdTests" */ = {
			isa = XCConfigurationList;
			buildConfigurations = (
				9C9EC5CE1A41189300785B92 /* Debug */,
				9C9EC5CF1A41189300785B92 /* Release */,
			);
			defaultConfigurationIsVisible = 0;
		};
/* End XCConfigurationList section */
	};
	rootObject = 9C9EC59F1A41189300785B92 /* Project object */;
}
